{
    "_readme": [
        "This file locks the dependencies of your project to a known state",
        "Read more about it at https://getcomposer.org/doc/01-basic-usage.md#installing-dependencies",
        "This file is @generated automatically"
    ],
    "content-hash": "3514451aad51b0577713c9637b701162",
    "packages": [
        {
            "name": "simcript/pano",
            "version": "v1.1.2",
            "source": {
                "type": "git",
                "url": "https://github.com/simcript/pano.git",
                "reference": "8c5c2c7eff43dc07f184b2b0aa211219c80d2833"
            },
            "dist": {
                "type": "zip",
                "url": "https://api.github.com/repos/simcript/pano/zipball/8c5c2c7eff43dc07f184b2b0aa211219c80d2833",
                "reference": "8c5c2c7eff43dc07f184b2b0aa211219c80d2833",
                "shasum": ""
            },
            "require": {
                "php": ">=8.2"
            },
            "type": "library",
            "autoload": {
                "files": [
                    "src/helpers.php"
                ],
                "psr-4": {
                    "Pano\\": "src/"
                }
            },
            "notification-url": "https://packagist.org/downloads/",
            "license": [
                "MIT"
            ],
            "description": "PHP nano framework",
            "support": {
                "source": "https://github.com/simcript/pano/tree/v1.1.2"
            },
            "time": "2026-01-04T20:01:06+00:00"
        }
    ],
    "packages-dev": [],
    "aliases": [],
    "minimum-stability": "stable",
    "stability-flags": {},
    "prefer-stable": true,
    "prefer-lowest": false,
    "platform": {
        "php": ">=8.1"
    },
    "platform-dev": {},
    "plugin-api-version": "2.6.0"
}
