{
    "_readme": [
        "This file locks the dependencies of your project to a known state",
        "Read more about it at https://getcomposer.org/doc/01-basic-usage.md#installing-dependencies",
        "This file is @generated automatically"
    ],
    "content-hash": "6a3f1eeb119d699441681148df578626",
    "packages": [
        {
            "name": "simcript/pano",
            "version": "v1.1.4",
            "source": {
                "type": "git",
                "url": "https://github.com/simcript/pano.git",
                "reference": "80195f94ad359461227bf4160126a113065c2a83"
            },
            "dist": {
                "type": "zip",
                "url": "https://api.github.com/repos/simcript/pano/zipball/80195f94ad359461227bf4160126a113065c2a83",
                "reference": "80195f94ad359461227bf4160126a113065c2a83",
                "shasum": ""
            },
            "require": {
                "php": ">=8.2"
            },
            "type": "library",
            "autoload": {
                "files": [
                    "src/helpers.php"
                ],
                "psr-4": {
                    "Pano\\": "src/"
                }
            },
            "notification-url": "https://packagist.org/downloads/",
            "license": [
                "MIT"
            ],
            "description": "PHP nano framework",
            "support": {
                "source": "https://github.com/simcript/pano/tree/v1.1.4"
            },
            "time": "2026-01-05T21:15:09+00:00"
        }
    ],
    "packages-dev": [],
    "aliases": [],
    "minimum-stability": "stable",
    "stability-flags": {},
    "prefer-stable": true,
    "prefer-lowest": false,
    "platform": {
        "php": ">=8.2"
    },
    "platform-dev": {},
    "plugin-api-version": "2.6.0"
}
